
Microsoft Visual Studio Solution File, Format Version 12.00
# Visual Studio Version 17
VisualStudioVersion = 17.13.35919.96
MinimumVisualStudioVersion = 10.0.40219.1
Project("{FAE04EC0-301F-11D3-BF4B-00C04F79EFBC}") = "ParadiseHelper", "ParadiseHelper.csproj", "{41D8FD01-5438-40D7-A33A-ED61A99F0CB9}"
EndProject
Project("{2150E333-8FDC-42A3-9474-1A3956D46DE8}") = "Solution Items", "Solution Items", "{8EC462FD-D22E-90A8-E5CE-7E832BA40C5D}"
EndProject
Global
	GlobalSection(SolutionConfigurationPlatforms) = preSolution
		Debug|Any CPU = Debug|Any CPU
		Debug|x64 = Debug|x64
		Debug|x86 = Debug|x86
		Release|Any CPU = Release|Any CPU
		Release|x64 = Release|x64
		Release|x86 = Release|x86
	EndGlobalSection
	GlobalSection(ProjectConfigurationPlatforms) = postSolution
		{41D8FD01-5438-40D7-A33A-ED61A99F0CB9}.Debug|Any CPU.ActiveCfg = Debug|Any CPU
		{41D8FD01-5438-40D7-A33A-ED61A99F0CB9}.Debug|Any CPU.Build.0 = Debug|Any CPU
		{41D8FD01-5438-40D7-A33A-ED61A99F0CB9}.Debug|x64.ActiveCfg = Debug|x64
		{41D8FD01-5438-40D7-A33A-ED61A99F0CB9}.Debug|x64.Build.0 = Debug|x64
		{41D8FD01-5438-40D7-A33A-ED61A99F0CB9}.Debug|x86.ActiveCfg = Debug|x86
		{41D8FD01-5438-40D7-A33A-ED61A99F0CB9}.Debug|x86.Build.0 = Debug|x86
		{41D8FD01-5438-40D7-A33A-ED61A99F0CB9}.Release|Any CPU.ActiveCfg = Release|Any CPU
		{41D8FD01-5438-40D7-A33A-ED61A99F0CB9}.Release|Any CPU.Build.0 = Release|Any CPU
		{41D8FD01-5438-40D7-A33A-ED61A99F0CB9}.Release|x64.ActiveCfg = Release|x86
		{41D8FD01-5438-40D7-A33A-ED61A99F0CB9}.Release|x64.Build.0 = Release|x86
		{41D8FD01-5438-40D7-A33A-ED61A99F0CB9}.Release|x86.ActiveCfg = Release|x86
		{41D8FD01-5438-40D7-A33A-ED61A99F0CB9}.Release|x86.Build.0 = Release|x86
	EndGlobalSection
	GlobalSection(SolutionProperties) = preSolution
		HideSolutionNode = FALSE
	EndGlobalSection
	GlobalSection(ExtensibilityGlobals) = postSolution
		SolutionGuid = {913FFEF3-FE3E-4BB6-9BF5-C39F91D89BD5}
	EndGlobalSection
EndGlobal
